
Microsoft Visual Studio Solution File, Format Version 12.00
# Visual Studio Version 16
VisualStudioVersion = 16.0.29230.47
MinimumVisualStudioVersion = 10.0.40219.1
Project("{FAE04EC0-301F-11D3-BF4B-00C04F79EFBC}") = "bhager1730ex1b", "bhager1730ex1b\bhager1730ex1b.csproj", "{4E0DA5A6-3D92-40A0-9A9D-78787F287AE3}"
EndProject
Global
	GlobalSection(SolutionConfigurationPlatforms) = preSolution
		Debug|Any CPU = Debug|Any CPU
		Release|Any CPU = Release|Any CPU
	EndGlobalSection
	GlobalSection(ProjectConfigurationPlatforms) = postSolution
		{4E0DA5A6-3D92-40A0-9A9D-78787F287AE3}.Debug|Any CPU.ActiveCfg = Debug|Any CPU
		{4E0DA5A6-3D92-40A0-9A9D-78787F287AE3}.Debug|Any CPU.Build.0 = Debug|Any CPU
		{4E0DA5A6-3D92-40A0-9A9D-78787F287AE3}.Release|Any CPU.ActiveCfg = Release|Any CPU
		{4E0DA5A6-3D92-40A0-9A9D-78787F287AE3}.Release|Any CPU.Build.0 = Release|Any CPU
	EndGlobalSection
	GlobalSection(SolutionProperties) = preSolution
		HideSolutionNode = FALSE
	EndGlobalSection
	GlobalSection(ExtensibilityGlobals) = postSolution
		SolutionGuid = {E7AF720E-B8AE-4875-AD15-D482B30DFAF4}
	EndGlobalSection
EndGlobal
